
Microsoft Visual Studio Solution File, Format Version 12.00
# Visual Studio 15
VisualStudioVersion = 15.0.28307.1738
MinimumVisualStudioVersion = 10.0.40219.1
Project("{FAE04EC0-301F-11D3-BF4B-00C04F79EFBC}") = "Portal", "Portal\Portal.csproj", "{E1D8712F-0907-4FAE-B777-7F7BFDFFBDB2}"
EndProject
Project("{2150E333-8FDC-42A3-9474-1A3956D46DE8}") = "Library", "Library", "{4DA0E06D-7892-4444-8FE4-64EADF3AEA33}"
EndProject
Project("{FAE04EC0-301F-11D3-BF4B-00C04F79EFBC}") = "Portal.Constant", "Portal.Constant\Portal.Constant.csproj", "{BF050CF4-D978-4023-AF7E-DE9D1F1892DA}"
EndProject
Project("{FAE04EC0-301F-11D3-BF4B-00C04F79EFBC}") = "Portal.EntityModels", "Portal.EntityModels\Portal.EntityModels.csproj", "{B25A0BE7-9655-4F04-8B63-7B7F5D44E087}"
EndProject
Project("{FAE04EC0-301F-11D3-BF4B-00C04F79EFBC}") = "Portal.Resources", "Portal.Resources\Portal.Resources.csproj", "{4C426C97-958D-48A4-852D-A9A35BBE420E}"
EndProject
Project("{FAE04EC0-301F-11D3-BF4B-00C04F79EFBC}") = "Portal.ViewModels", "Portal.ViewModels\Portal.ViewModels.csproj", "{04E09157-531B-4621-B4D9-6E84EDCC3AF3}"
EndProject
Project("{FAE04EC0-301F-11D3-BF4B-00C04F79EFBC}") = "Portal.Extensions", "Portal.Extensions\Portal.Extensions.csproj", "{480370CE-21D8-446C-A518-731CE26098A8}"
EndProject
Project("{2150E333-8FDC-42A3-9474-1A3956D46DE8}") = "Modules", "Modules", "{1607F207-7D6D-4B66-859D-A004BF39D02A}"
EndProject
Project("{FAE04EC0-301F-11D3-BF4B-00C04F79EFBC}") = "MasterData", "Portal\Areas\MasterData\MasterData.csproj", "{BE5FA042-FDA5-4A32-B8DC-E0F0DACB480B}"
EndProject
Project("{FAE04EC0-301F-11D3-BF4B-00C04F79EFBC}") = "Permission", "Portal\Areas\Permission\Permission.csproj", "{482D079A-D1CF-427E-8859-726890BA7B5E}"
EndProject
Project("{FAE04EC0-301F-11D3-BF4B-00C04F79EFBC}") = "Portal.Repositories", "Portal.Repositories\Portal.Repositories.csproj", "{E8B16FBC-E2C7-4901-8DE8-8B973548167E}"
EndProject
Project("{FAE04EC0-301F-11D3-BF4B-00C04F79EFBC}") = "HRMS", "Portal\Areas\HRMS\HRMS.csproj", "{0FDECECB-60E6-4300-8115-3EBD98A1C7B2}"
EndProject
Global
	GlobalSection(SolutionConfigurationPlatforms) = preSolution
		Debug|Any CPU = Debug|Any CPU
		Release|Any CPU = Release|Any CPU
	EndGlobalSection
	GlobalSection(ProjectConfigurationPlatforms) = postSolution
		{E1D8712F-0907-4FAE-B777-7F7BFDFFBDB2}.Debug|Any CPU.ActiveCfg = Debug|Any CPU
		{E1D8712F-0907-4FAE-B777-7F7BFDFFBDB2}.Debug|Any CPU.Build.0 = Debug|Any CPU
		{E1D8712F-0907-4FAE-B777-7F7BFDFFBDB2}.Release|Any CPU.ActiveCfg = Release|Any CPU
		{E1D8712F-0907-4FAE-B777-7F7BFDFFBDB2}.Release|Any CPU.Build.0 = Release|Any CPU
		{BF050CF4-D978-4023-AF7E-DE9D1F1892DA}.Debug|Any CPU.ActiveCfg = Debug|Any CPU
		{BF050CF4-D978-4023-AF7E-DE9D1F1892DA}.Debug|Any CPU.Build.0 = Debug|Any CPU
		{BF050CF4-D978-4023-AF7E-DE9D1F1892DA}.Release|Any CPU.ActiveCfg = Release|Any CPU
		{BF050CF4-D978-4023-AF7E-DE9D1F1892DA}.Release|Any CPU.Build.0 = Release|Any CPU
		{B25A0BE7-9655-4F04-8B63-7B7F5D44E087}.Debug|Any CPU.ActiveCfg = Debug|Any CPU
		{B25A0BE7-9655-4F04-8B63-7B7F5D44E087}.Debug|Any CPU.Build.0 = Debug|Any CPU
		{B25A0BE7-9655-4F04-8B63-7B7F5D44E087}.Release|Any CPU.ActiveCfg = Release|Any CPU
		{B25A0BE7-9655-4F04-8B63-7B7F5D44E087}.Release|Any CPU.Build.0 = Release|Any CPU
		{4C426C97-958D-48A4-852D-A9A35BBE420E}.Debug|Any CPU.ActiveCfg = Debug|Any CPU
		{4C426C97-958D-48A4-852D-A9A35BBE420E}.Debug|Any CPU.Build.0 = Debug|Any CPU
		{4C426C97-958D-48A4-852D-A9A35BBE420E}.Release|Any CPU.ActiveCfg = Release|Any CPU
		{4C426C97-958D-48A4-852D-A9A35BBE420E}.Release|Any CPU.Build.0 = Release|Any CPU
		{04E09157-531B-4621-B4D9-6E84EDCC3AF3}.Debug|Any CPU.ActiveCfg = Debug|Any CPU
		{04E09157-531B-4621-B4D9-6E84EDCC3AF3}.Debug|Any CPU.Build.0 = Debug|Any CPU
		{04E09157-531B-4621-B4D9-6E84EDCC3AF3}.Release|Any CPU.ActiveCfg = Release|Any CPU
		{04E09157-531B-4621-B4D9-6E84EDCC3AF3}.Release|Any CPU.Build.0 = Release|Any CPU
		{480370CE-21D8-446C-A518-731CE26098A8}.Debug|Any CPU.ActiveCfg = Debug|Any CPU
		{480370CE-21D8-446C-A518-731CE26098A8}.Debug|Any CPU.Build.0 = Debug|Any CPU
		{480370CE-21D8-446C-A518-731CE26098A8}.Release|Any CPU.ActiveCfg = Release|Any CPU
		{480370CE-21D8-446C-A518-731CE26098A8}.Release|Any CPU.Build.0 = Release|Any CPU
		{BE5FA042-FDA5-4A32-B8DC-E0F0DACB480B}.Debug|Any CPU.ActiveCfg = Debug|Any CPU
		{BE5FA042-FDA5-4A32-B8DC-E0F0DACB480B}.Debug|Any CPU.Build.0 = Debug|Any CPU
		{BE5FA042-FDA5-4A32-B8DC-E0F0DACB480B}.Release|Any CPU.ActiveCfg = Release|Any CPU
		{BE5FA042-FDA5-4A32-B8DC-E0F0DACB480B}.Release|Any CPU.Build.0 = Release|Any CPU
		{482D079A-D1CF-427E-8859-726890BA7B5E}.Debug|Any CPU.ActiveCfg = Debug|Any CPU
		{482D079A-D1CF-427E-8859-726890BA7B5E}.Debug|Any CPU.Build.0 = Debug|Any CPU
		{482D079A-D1CF-427E-8859-726890BA7B5E}.Release|Any CPU.ActiveCfg = Release|Any CPU
		{482D079A-D1CF-427E-8859-726890BA7B5E}.Release|Any CPU.Build.0 = Release|Any CPU
		{E8B16FBC-E2C7-4901-8DE8-8B973548167E}.Debug|Any CPU.ActiveCfg = Debug|Any CPU
		{E8B16FBC-E2C7-4901-8DE8-8B973548167E}.Debug|Any CPU.Build.0 = Debug|Any CPU
		{E8B16FBC-E2C7-4901-8DE8-8B973548167E}.Release|Any CPU.ActiveCfg = Release|Any CPU
		{E8B16FBC-E2C7-4901-8DE8-8B973548167E}.Release|Any CPU.Build.0 = Release|Any CPU
		{0FDECECB-60E6-4300-8115-3EBD98A1C7B2}.Debug|Any CPU.ActiveCfg = Debug|Any CPU
		{0FDECECB-60E6-4300-8115-3EBD98A1C7B2}.Debug|Any CPU.Build.0 = Debug|Any CPU
		{0FDECECB-60E6-4300-8115-3EBD98A1C7B2}.Release|Any CPU.ActiveCfg = Release|Any CPU
		{0FDECECB-60E6-4300-8115-3EBD98A1C7B2}.Release|Any CPU.Build.0 = Release|Any CPU
	EndGlobalSection
	GlobalSection(SolutionProperties) = preSolution
		HideSolutionNode = FALSE
	EndGlobalSection
	GlobalSection(NestedProjects) = preSolution
		{BF050CF4-D978-4023-AF7E-DE9D1F1892DA} = {4DA0E06D-7892-4444-8FE4-64EADF3AEA33}
		{B25A0BE7-9655-4F04-8B63-7B7F5D44E087} = {4DA0E06D-7892-4444-8FE4-64EADF3AEA33}
		{4C426C97-958D-48A4-852D-A9A35BBE420E} = {4DA0E06D-7892-4444-8FE4-64EADF3AEA33}
		{04E09157-531B-4621-B4D9-6E84EDCC3AF3} = {4DA0E06D-7892-4444-8FE4-64EADF3AEA33}
		{480370CE-21D8-446C-A518-731CE26098A8} = {4DA0E06D-7892-4444-8FE4-64EADF3AEA33}
		{BE5FA042-FDA5-4A32-B8DC-E0F0DACB480B} = {1607F207-7D6D-4B66-859D-A004BF39D02A}
		{482D079A-D1CF-427E-8859-726890BA7B5E} = {1607F207-7D6D-4B66-859D-A004BF39D02A}
		{E8B16FBC-E2C7-4901-8DE8-8B973548167E} = {4DA0E06D-7892-4444-8FE4-64EADF3AEA33}
		{0FDECECB-60E6-4300-8115-3EBD98A1C7B2} = {1607F207-7D6D-4B66-859D-A004BF39D02A}
	EndGlobalSection
	GlobalSection(ExtensibilityGlobals) = postSolution
		SolutionGuid = {0BF85AAB-9F3F-4F91-BD9B-93A9C7087C14}
	EndGlobalSection
EndGlobal
